
Microsoft Visual Studio Solution File, Format Version 12.00
# Visual Studio Version 17
VisualStudioVersion = 17.1.32421.90
MinimumVisualStudioVersion = 10.0.40219.1
Project("{FAE04EC0-301F-11D3-BF4B-00C04F79EFBC}") = "MyWebAPI", "MyWebAPI\MyWebAPI.csproj", "{C7E1796E-D926-45B3-9217-19C921101355}"
EndProject
Global
	GlobalSection(SolutionConfigurationPlatforms) = preSolution
		Debug|Any CPU = Debug|Any CPU
		Release|Any CPU = Release|Any CPU
	EndGlobalSection
	GlobalSection(ProjectConfigurationPlatforms) = postSolution
		{C7E1796E-D926-45B3-9217-19C921101355}.Debug|Any CPU.ActiveCfg = Debug|Any CPU
		{C7E1796E-D926-45B3-9217-19C921101355}.Debug|Any CPU.Build.0 = Debug|Any CPU
		{C7E1796E-D926-45B3-9217-19C921101355}.Release|Any CPU.ActiveCfg = Release|Any CPU
		{C7E1796E-D926-45B3-9217-19C921101355}.Release|Any CPU.Build.0 = Release|Any CPU
	EndGlobalSection
	GlobalSection(SolutionProperties) = preSolution
		HideSolutionNode = FALSE
	EndGlobalSection
	GlobalSection(ExtensibilityGlobals) = postSolution
		SolutionGuid = {009F8E5A-D249-4F10-93BA-CCA3DAD2B766}
	EndGlobalSection
EndGlobal
